<?xml version="1.0" encoding="utf-8"?>
<Project ToolsVersion="4.0" xmlns="http://schemas.microsoft.com/developer/msbuild/2003">
  <ItemGroup>
    <Filter Include="Source Files">
      <UniqueIdentifier>{4FC737F1-C7A5-4376-A066-2A32D752A2FF}</UniqueIdentifier>
      <Extensions>cpp;c;cc;cxx;def;odl;idl;hpj;bat;asm;asmx</Extensions>
    </Filter>
    <Filter Include="Header Files">
      <UniqueIdentifier>{93995380-89BD-4b04-88EB-625FBE52EBFB}</UniqueIdentifier>
      <Extensions>h;hh;hpp;hxx;hm;inl;inc;ipp;xsd</Extensions>
    </Filter>
    <Filter Include="Resource Files">
      <UniqueIdentifier>{67DA6AB6-F800-4c08-8B7A-83BB121AAD01}</UniqueIdentifier>
      <Extensions>rc;ico;cur;bmp;dlg;rc2;rct;bin;rgs;gif;jpg;jpeg;jpe;resx;tiff;tif;png;wav;mfcribbon-ms</Extensions>
    </Filter>
    <Filter Include="vector-tile">
      <UniqueIdentifier>{580bdafe-f281-40fd-8b76-3fe4729476af}</UniqueIdentifier>
    </Filter>
    <Filter Include="vector-tile\protozero">
      <UniqueIdentifier>{96eb0fd7-444a-48c0-bbea-844ae716e7a6}</UniqueIdentifier>
    </Filter>
  </ItemGroup>
  <ItemGroup>
    <ClInclude Include="mvtViewer.h">
      <Filter>Header Files</Filter>
    </ClInclude>
    <ClInclude Include="stdafx.h">
      <Filter>Header Files</Filter>
    </ClInclude>
    <ClInclude Include="targetver.h">
      <Filter>Header Files</Filter>
    </ClInclude>
    <ClInclude Include="MainFrm.h">
      <Filter>Header Files</Filter>
    </ClInclude>
    <ClInclude Include="ChildView.h">
      <Filter>Header Files</Filter>
    </ClInclude>
    <ClInclude Include="Resource.h">
      <Filter>Header Files</Filter>
    </ClInclude>
    <ClInclude Include="ClassView.h">
      <Filter>Header Files</Filter>
    </ClInclude>
    <ClInclude Include="FileView.h">
      <Filter>Header Files</Filter>
    </ClInclude>
    <ClInclude Include="ViewTree.h">
      <Filter>Header Files</Filter>
    </ClInclude>
    <ClInclude Include="vector-tile\include\mapbox\feature.hpp">
      <Filter>vector-tile</Filter>
    </ClInclude>
    <ClInclude Include="vector-tile\include\mapbox\geometry.hpp">
      <Filter>vector-tile</Filter>
    </ClInclude>
    <ClInclude Include="vector-tile\include\mapbox\geometry_io.hpp">
      <Filter>vector-tile</Filter>
    </ClInclude>
    <ClInclude Include="vector-tile\include\mapbox\optional.hpp">
      <Filter>vector-tile</Filter>
    </ClInclude>
    <ClInclude Include="vector-tile\include\mapbox\recursive_wrapper.hpp">
      <Filter>vector-tile</Filter>
    </ClInclude>
    <ClInclude Include="vector-tile\include\mapbox\variant.hpp">
      <Filter>vector-tile</Filter>
    </ClInclude>
    <ClInclude Include="vector-tile\include\mapbox\variant_cast.hpp">
      <Filter>vector-tile</Filter>
    </ClInclude>
    <ClInclude Include="vector-tile\include\mapbox\variant_io.hpp">
      <Filter>vector-tile</Filter>
    </ClInclude>
    <ClInclude Include="vector-tile\include\mapbox\variant_visitor.hpp">
      <Filter>vector-tile</Filter>
    </ClInclude>
    <ClInclude Include="vector-tile\include\mapbox\vector_tile.hpp">
      <Filter>vector-tile</Filter>
    </ClInclude>
    <ClInclude Include="vector-tile\include\protozero\byteswap.hpp">
      <Filter>vector-tile\protozero</Filter>
    </ClInclude>
    <ClInclude Include="vector-tile\include\protozero\config.hpp">
      <Filter>vector-tile\protozero</Filter>
    </ClInclude>
    <ClInclude Include="vector-tile\include\protozero\data_view.hpp">
      <Filter>vector-tile\protozero</Filter>
    </ClInclude>
    <ClInclude Include="vector-tile\include\protozero\exception.hpp">
      <Filter>vector-tile\protozero</Filter>
    </ClInclude>
    <ClInclude Include="vector-tile\include\protozero\iterators.hpp">
      <Filter>vector-tile\protozero</Filter>
    </ClInclude>
    <ClInclude Include="vector-tile\include\protozero\pbf_builder.hpp">
      <Filter>vector-tile\protozero</Filter>
    </ClInclude>
    <ClInclude Include="vector-tile\include\protozero\pbf_message.hpp">
      <Filter>vector-tile\protozero</Filter>
    </ClInclude>
    <ClInclude Include="vector-tile\include\protozero\pbf_reader.hpp">
      <Filter>vector-tile\protozero</Filter>
    </ClInclude>
    <ClInclude Include="vector-tile\include\protozero\pbf_writer.hpp">
      <Filter>vector-tile\protozero</Filter>
    </ClInclude>
    <ClInclude Include="vector-tile\include\protozero\types.hpp">
      <Filter>vector-tile\protozero</Filter>
    </ClInclude>
    <ClInclude Include="vector-tile\include\protozero\varint.hpp">
      <Filter>vector-tile\protozero</Filter>
    </ClInclude>
    <ClInclude Include="vector-tile\include\protozero\version.hpp">
      <Filter>vector-tile\protozero</Filter>
    </ClInclude>
  </ItemGroup>
  <ItemGroup>
    <ClCompile Include="mvtViewer.cpp">
      <Filter>Source Files</Filter>
    </ClCompile>
    <ClCompile Include="stdafx.cpp">
      <Filter>Source Files</Filter>
    </ClCompile>
    <ClCompile Include="MainFrm.cpp">
      <Filter>Source Files</Filter>
    </ClCompile>
    <ClCompile Include="ChildView.cpp">
      <Filter>Source Files</Filter>
    </ClCompile>
    <ClCompile Include="ClassView.cpp">
      <Filter>Source Files</Filter>
    </ClCompile>
    <ClCompile Include="FileView.cpp">
      <Filter>Source Files</Filter>
    </ClCompile>
    <ClCompile Include="ViewTree.cpp">
      <Filter>Source Files</Filter>
    </ClCompile>
  </ItemGroup>
  <ItemGroup>
    <ResourceCompile Include="mvtViewer.rc">
      <Filter>Resource Files</Filter>
    </ResourceCompile>
  </ItemGroup>
  <ItemGroup>
    <Image Include="res\userimages.bmp">
      <Filter>Resource Files</Filter>
    </Image>
    <Image Include="res\mvtViewer.ico">
      <Filter>Resource Files</Filter>
    </Image>
    <Image Include="res\Toolbar.bmp">
      <Filter>Resource Files</Filter>
    </Image>
    <Image Include="res\Toolbar256.bmp">
      <Filter>Resource Files</Filter>
    </Image>
    <Image Include="res\classview.bmp">
      <Filter>Resource Files</Filter>
    </Image>
    <Image Include="res\fileview.bmp">
      <Filter>Resource Files</Filter>
    </Image>
    <Image Include="res\fileview_hc.bmp">
      <Filter>Resource Files</Filter>
    </Image>
    <Image Include="res\classview_hc.bmp">
      <Filter>Resource Files</Filter>
    </Image>
    <Image Include="res\explorer_hc.bmp">
      <Filter>Resource Files</Filter>
    </Image>
    <Image Include="res\explorer.bmp">
      <Filter>Resource Files</Filter>
    </Image>
    <Image Include="res\sort.bmp">
      <Filter>Resource Files</Filter>
    </Image>
    <Image Include="res\sort_hc.bmp">
      <Filter>Resource Files</Filter>
    </Image>
    <Image Include="res\class_view.ico">
      <Filter>Resource Files</Filter>
    </Image>
    <Image Include="res\class_view_hc.ico">
      <Filter>Resource Files</Filter>
    </Image>
    <Image Include="res\file_view.ico">
      <Filter>Resource Files</Filter>
    </Image>
    <Image Include="res\file_view_hc.ico">
      <Filter>Resource Files</Filter>
    </Image>
    <Image Include="res\menuimages.bmp">
      <Filter>Resource Files</Filter>
    </Image>
    <Image Include="res\menuimages_hc.bmp">
      <Filter>Resource Files</Filter>
    </Image>
  </ItemGroup>
  <ItemGroup>
    <None Include="res\mvtViewer.rc2">
      <Filter>Resource Files</Filter>
    </None>
  </ItemGroup>
</Project>